
Microsoft Visual Studio Solution File, Format Version 12.00
# Visual Studio Version 17
VisualStudioVersion = 17.14.36623.8
MinimumVisualStudioVersion = 10.0.40219.1
Project("{FAE04EC0-301F-11D3-BF4B-00C04F79EFBC}") = "TaskService", "TaskService.csproj", "{4ED898CB-0549-16BE-22FC-23122881D01B}"
EndProject
Project("{FAE04EC0-301F-11D3-BF4B-00C04F79EFBC}") = "MessageContracts", "..\Contracts\MessageContracts.csproj", "{6BAA0D93-62B8-BF6B-7975-05576AB8EB90}"
EndProject
Project("{FAE04EC0-301F-11D3-BF4B-00C04F79EFBC}") = "Shared", "..\Shared\Shared.csproj", "{6311C115-D585-51B9-BEA0-07373A03268A}"
EndProject
Global
	GlobalSection(SolutionConfigurationPlatforms) = preSolution
		Debug|Any CPU = Debug|Any CPU
		Release|Any CPU = Release|Any CPU
	EndGlobalSection
	GlobalSection(ProjectConfigurationPlatforms) = postSolution
		{4ED898CB-0549-16BE-22FC-23122881D01B}.Debug|Any CPU.ActiveCfg = Debug|Any CPU
		{4ED898CB-0549-16BE-22FC-23122881D01B}.Debug|Any CPU.Build.0 = Debug|Any CPU
		{4ED898CB-0549-16BE-22FC-23122881D01B}.Release|Any CPU.ActiveCfg = Release|Any CPU
		{4ED898CB-0549-16BE-22FC-23122881D01B}.Release|Any CPU.Build.0 = Release|Any CPU
		{6BAA0D93-62B8-BF6B-7975-05576AB8EB90}.Debug|Any CPU.ActiveCfg = Debug|Any CPU
		{6BAA0D93-62B8-BF6B-7975-05576AB8EB90}.Debug|Any CPU.Build.0 = Debug|Any CPU
		{6BAA0D93-62B8-BF6B-7975-05576AB8EB90}.Release|Any CPU.ActiveCfg = Release|Any CPU
		{6BAA0D93-62B8-BF6B-7975-05576AB8EB90}.Release|Any CPU.Build.0 = Release|Any CPU
		{6311C115-D585-51B9-BEA0-07373A03268A}.Debug|Any CPU.ActiveCfg = Debug|Any CPU
		{6311C115-D585-51B9-BEA0-07373A03268A}.Debug|Any CPU.Build.0 = Debug|Any CPU
		{6311C115-D585-51B9-BEA0-07373A03268A}.Release|Any CPU.ActiveCfg = Release|Any CPU
		{6311C115-D585-51B9-BEA0-07373A03268A}.Release|Any CPU.Build.0 = Release|Any CPU
	EndGlobalSection
	GlobalSection(SolutionProperties) = preSolution
		HideSolutionNode = FALSE
	EndGlobalSection
	GlobalSection(ExtensibilityGlobals) = postSolution
		SolutionGuid = {029D201E-08CE-440D-AE9E-EEF99381BAA2}
	EndGlobalSection
EndGlobal
